
Microsoft Visual Studio Solution File, Format Version 12.00
# Visual Studio 2013
VisualStudioVersion = 12.0.31101.0
MinimumVisualStudioVersion = 10.0.40219.1
Project("{FAE04EC0-301F-11D3-BF4B-00C04F79EFBC}") = "OOP2.SimulationHelper.WF", "OOP2.SimulationHelper.WF\OOP2.SimulationHelper.WF.csproj", "{E5DC53A9-CF86-4D84-B6A0-76BF4EB1BCEF}"
EndProject
Project("{FAE04EC0-301F-11D3-BF4B-00C04F79EFBC}") = "OOP2.SimulationHelper.Data", "OOP2.SimulationHelper.Data\OOP2.SimulationHelper.Data.csproj", "{4C589E3D-5408-49C5-ACD9-5D814770CD86}"
EndProject
Project("{FAE04EC0-301F-11D3-BF4B-00C04F79EFBC}") = "OOp2.SimulationHelper.Framework", "OOp2.SimulationHelper.Framework\OOp2.SimulationHelper.Framework.csproj", "{D193B76D-DC12-4B5A-84FF-46C78CBE4F20}"
EndProject
Project("{FAE04EC0-301F-11D3-BF4B-00C04F79EFBC}") = "OOP2.SimulationHelper.Repo", "OOP2.SimulationHelper.Repo\OOP2.SimulationHelper.Repo.csproj", "{4DE82356-615A-4001-AC7E-15ED4AC63755}"
EndProject
Global
	GlobalSection(SolutionConfigurationPlatforms) = preSolution
		Debug|Any CPU = Debug|Any CPU
		Release|Any CPU = Release|Any CPU
	EndGlobalSection
	GlobalSection(ProjectConfigurationPlatforms) = postSolution
		{E5DC53A9-CF86-4D84-B6A0-76BF4EB1BCEF}.Debug|Any CPU.ActiveCfg = Debug|Any CPU
		{E5DC53A9-CF86-4D84-B6A0-76BF4EB1BCEF}.Debug|Any CPU.Build.0 = Debug|Any CPU
		{E5DC53A9-CF86-4D84-B6A0-76BF4EB1BCEF}.Release|Any CPU.ActiveCfg = Release|Any CPU
		{E5DC53A9-CF86-4D84-B6A0-76BF4EB1BCEF}.Release|Any CPU.Build.0 = Release|Any CPU
		{4C589E3D-5408-49C5-ACD9-5D814770CD86}.Debug|Any CPU.ActiveCfg = Debug|Any CPU
		{4C589E3D-5408-49C5-ACD9-5D814770CD86}.Debug|Any CPU.Build.0 = Debug|Any CPU
		{4C589E3D-5408-49C5-ACD9-5D814770CD86}.Release|Any CPU.ActiveCfg = Release|Any CPU
		{4C589E3D-5408-49C5-ACD9-5D814770CD86}.Release|Any CPU.Build.0 = Release|Any CPU
		{D193B76D-DC12-4B5A-84FF-46C78CBE4F20}.Debug|Any CPU.ActiveCfg = Debug|Any CPU
		{D193B76D-DC12-4B5A-84FF-46C78CBE4F20}.Debug|Any CPU.Build.0 = Debug|Any CPU
		{D193B76D-DC12-4B5A-84FF-46C78CBE4F20}.Release|Any CPU.ActiveCfg = Release|Any CPU
		{D193B76D-DC12-4B5A-84FF-46C78CBE4F20}.Release|Any CPU.Build.0 = Release|Any CPU
		{4DE82356-615A-4001-AC7E-15ED4AC63755}.Debug|Any CPU.ActiveCfg = Debug|Any CPU
		{4DE82356-615A-4001-AC7E-15ED4AC63755}.Debug|Any CPU.Build.0 = Debug|Any CPU
		{4DE82356-615A-4001-AC7E-15ED4AC63755}.Release|Any CPU.ActiveCfg = Release|Any CPU
		{4DE82356-615A-4001-AC7E-15ED4AC63755}.Release|Any CPU.Build.0 = Release|Any CPU
	EndGlobalSection
	GlobalSection(SolutionProperties) = preSolution
		HideSolutionNode = FALSE
	EndGlobalSection
EndGlobal
